<?xml version="1.0" encoding="utf-8"?>
<Project ToolsVersion="4.0" xmlns="http://schemas.microsoft.com/developer/msbuild/2003">
  <ItemGroup>
    <ClCompile Include="FilterComputeShader.cpp" />
    <ClCompile Include="GLGUIHandler.cpp" />
    <ClCompile Include="GLCollisionHandler.cpp" />
    <ClCompile Include="FrameBuffer.cpp" />
    <ClCompile Include="GameMain.cpp" />
    <ClCompile Include="GLCamera.cpp" />
    <ClCompile Include="GLMesh.cpp" />
    <ClCompile Include="GLModel.cpp" />
    <ClCompile Include="GLPlayer.cpp" />
    <ClCompile Include="GLProjectile.cpp" />
    <ClCompile Include="GLProjectileHandler.cpp" />
    <ClCompile Include="GLShader.cpp" />
    <ClCompile Include="GLWindow.cpp" />
    <ClCompile Include="GUI.cpp" />
    <ClCompile Include="main.cpp" />
    <ClCompile Include="obj_loader.cpp" />
    <ClCompile Include="Scene.cpp" />
    <ClCompile Include="GLNPC.cpp">
      <Filter>Source\NPCs</Filter>
    </ClCompile>
    <ClCompile Include="..\..\..\..\GitHub%27\LitetSpel\Fishy\ProjectSDL2.1\GLNPC_GoldFish.cpp">
      <Filter>Source\NPCs</Filter>
    </ClCompile>
  </ItemGroup>
  <ItemGroup>
    <ClInclude Include="..\..\..\..\GitHub%27\LitetSpel\Fishy\ProjectSDL2.1\RNG.h" />
    <ClInclude Include="AABB.h">
      <Filter>Header</Filter>
    </ClInclude>
    <ClInclude Include="FilterComputeShader.h">
      <Filter>Header</Filter>
    </ClInclude>
    <ClInclude Include="FrameBuffer.h">
      <Filter>Header</Filter>
    </ClInclude>
    <ClInclude Include="GameMain.h">
      <Filter>Header</Filter>
    </ClInclude>
    <ClInclude Include="GLCamera.h">
      <Filter>Header</Filter>
    </ClInclude>
    <ClInclude Include="GLCollisionHandler.h">
      <Filter>Header</Filter>
    </ClInclude>
    <ClInclude Include="GLGUIHandler.h">
      <Filter>Header</Filter>
    </ClInclude>
    <ClInclude Include="GLMesh.h">
      <Filter>Header</Filter>
    </ClInclude>
    <ClInclude Include="GLModel.h">
      <Filter>Header</Filter>
    </ClInclude>
    <ClInclude Include="GLPlayer.h">
      <Filter>Header</Filter>
    </ClInclude>
    <ClInclude Include="GLProjectile.h">
      <Filter>Header</Filter>
    </ClInclude>
    <ClInclude Include="GLProjectileHandler.h">
      <Filter>Header</Filter>
    </ClInclude>
    <ClInclude Include="GLShader.h">
      <Filter>Header</Filter>
    </ClInclude>
    <ClInclude Include="GLtexture.h">
      <Filter>Header</Filter>
    </ClInclude>
    <ClInclude Include="GLTransform.h">
      <Filter>Header</Filter>
    </ClInclude>
    <ClInclude Include="GLUtil.h">
      <Filter>Header</Filter>
    </ClInclude>
    <ClInclude Include="GLWindow.h">
      <Filter>Header</Filter>
    </ClInclude>
    <ClInclude Include="GUI.h">
      <Filter>Header</Filter>
    </ClInclude>
    <ClInclude Include="obj_loader.h">
      <Filter>Header</Filter>
    </ClInclude>
    <ClInclude Include="Scene.h">
      <Filter>Header</Filter>
    </ClInclude>
    <ClInclude Include="SphereBS.h">
      <Filter>Header</Filter>
    </ClInclude>
    <ClInclude Include="GLNPC.h">
      <Filter>Header\NPCs</Filter>
    </ClInclude>
    <ClInclude Include="GLNPC_GoldFish.h">
      <Filter>Header\NPCs</Filter>
    </ClInclude>
  </ItemGroup>
  <ItemGroup>
    <None Include="blueFilter.glsl" />
    <None Include="pass.frag" />
    <None Include="pass.vert" />
    <None Include="post.frag" />
    <None Include="post.vert" />
    <None Include="test.frag" />
    <None Include="test.vert" />
    <None Include="text.frag" />
    <None Include="text.vert" />
    <None Include="wavy.frag" />
    <None Include="wavy.vert" />
  </ItemGroup>
  <ItemGroup>
    <Filter Include="Header">
      <UniqueIdentifier>{9da89d7e-13e9-485b-a3ce-aed7a3149898}</UniqueIdentifier>
    </Filter>
    <Filter Include="Source">
      <UniqueIdentifier>{a7cfeb63-ecd0-4116-b60e-308da26e9bad}</UniqueIdentifier>
    </Filter>
    <Filter Include="Shaders">
      <UniqueIdentifier>{e8b73c92-61ec-434a-a513-1770d8b81781}</UniqueIdentifier>
    </Filter>
    <Filter Include="Source\NPCs">
      <UniqueIdentifier>{e1fe26d4-adf3-43a7-9d4b-2ec87f7e644a}</UniqueIdentifier>
    </Filter>
    <Filter Include="Header\NPCs">
      <UniqueIdentifier>{81a1f4a4-2766-49f7-aeb7-192ca4e20b60}</UniqueIdentifier>
    </Filter>
  </ItemGroup>
</Project>