<?xml version="1.0" encoding="utf-8"?>
<Project ToolsVersion="4.0" xmlns="http://schemas.microsoft.com/developer/msbuild/2003">
  <ItemGroup>
    <ClCompile Include="FilterComputeShader.cpp">
      <Filter>Source</Filter>
    </ClCompile>
    <ClCompile Include="FrameBuffer.cpp">
      <Filter>Source</Filter>
    </ClCompile>
    <ClCompile Include="GameMain.cpp">
      <Filter>Source</Filter>
    </ClCompile>
    <ClCompile Include="GLCamera.cpp">
      <Filter>Source</Filter>
    </ClCompile>
    <ClCompile Include="GLCollisionHandler.cpp">
      <Filter>Source</Filter>
    </ClCompile>
    <ClCompile Include="GLGUIHandler.cpp">
      <Filter>Source</Filter>
    </ClCompile>
    <ClCompile Include="GLProjectile.cpp">
      <Filter>Source</Filter>
    </ClCompile>
    <ClCompile Include="GLProjectileHandler.cpp">
      <Filter>Source</Filter>
    </ClCompile>
    <ClCompile Include="GLShader.cpp">
      <Filter>Source</Filter>
    </ClCompile>
    <ClCompile Include="GLWindow.cpp">
      <Filter>Source</Filter>
    </ClCompile>
    <ClCompile Include="GUI.cpp">
      <Filter>Source</Filter>
    </ClCompile>
    <ClCompile Include="main.cpp">
      <Filter>Source</Filter>
    </ClCompile>
    <ClCompile Include="obj_loader.cpp">
      <Filter>Source</Filter>
    </ClCompile>
    <ClCompile Include="Scene.cpp">
      <Filter>Source</Filter>
    </ClCompile>
    <ClCompile Include="GLNPC.cpp">
      <Filter>Source\Models\NPCs</Filter>
    </ClCompile>
    <ClCompile Include="GLNPC_GoldFish.cpp">
      <Filter>Source\Models\NPCs</Filter>
    </ClCompile>
    <ClCompile Include="GLNPC_BlueTang.cpp">
      <Filter>Source\Models\NPCs</Filter>
    </ClCompile>
    <ClCompile Include="GLMesh.cpp">
      <Filter>Source\Models</Filter>
    </ClCompile>
    <ClCompile Include="GLModel.cpp">
      <Filter>Source\Models</Filter>
    </ClCompile>
    <ClCompile Include="GLPlayer.cpp">
      <Filter>Source\Models</Filter>
    </ClCompile>
    <ClCompile Include="GLMeshBS.cpp">
      <Filter>Source\Models</Filter>
    </ClCompile>
    <ClCompile Include="Menu.cpp">
      <Filter>Source</Filter>
    </ClCompile>
    <ClCompile Include="ParticleComputeShader.cpp">
      <Filter>Source</Filter>
    </ClCompile>
    <ClCompile Include="ParticleEmitter.cpp">
      <Filter>Source</Filter>
    </ClCompile>
    <ClCompile Include="ParticleHandler.cpp">
      <Filter>Source</Filter>
    </ClCompile>
    <ClCompile Include="GLNPC_PowerUpHandler.cpp" />
    <ClCompile Include="RoundCounter.cpp">
      <Filter>Source</Filter>
    </ClCompile>
    <ClCompile Include="GLNPC_PowerUpHandler.cpp" />
    <ClCompile Include="SeaWeedLeafs.cpp" />
    <ClCompile Include="SpecialStaticMesh.cpp" />
  </ItemGroup>
  <ItemGroup>
    <ClInclude Include="AABB.h">
      <Filter>Header</Filter>
    </ClInclude>
    <ClInclude Include="FilterComputeShader.h">
      <Filter>Header</Filter>
    </ClInclude>
    <ClInclude Include="FrameBuffer.h">
      <Filter>Header</Filter>
    </ClInclude>
    <ClInclude Include="GameMain.h">
      <Filter>Header</Filter>
    </ClInclude>
    <ClInclude Include="GLCamera.h">
      <Filter>Header</Filter>
    </ClInclude>
    <ClInclude Include="GLCollisionHandler.h">
      <Filter>Header</Filter>
    </ClInclude>
    <ClInclude Include="GLGUIHandler.h">
      <Filter>Header</Filter>
    </ClInclude>
    <ClInclude Include="GLProjectile.h">
      <Filter>Header</Filter>
    </ClInclude>
    <ClInclude Include="GLProjectileHandler.h">
      <Filter>Header</Filter>
    </ClInclude>
    <ClInclude Include="GLShader.h">
      <Filter>Header</Filter>
    </ClInclude>
    <ClInclude Include="GLtexture.h">
      <Filter>Header</Filter>
    </ClInclude>
    <ClInclude Include="GLTransform.h">
      <Filter>Header</Filter>
    </ClInclude>
    <ClInclude Include="GLUtil.h">
      <Filter>Header</Filter>
    </ClInclude>
    <ClInclude Include="GLWindow.h">
      <Filter>Header</Filter>
    </ClInclude>
    <ClInclude Include="GUI.h">
      <Filter>Header</Filter>
    </ClInclude>
    <ClInclude Include="Scene.h">
      <Filter>Header</Filter>
    </ClInclude>
    <ClInclude Include="SphereBS.h">
      <Filter>Header</Filter>
    </ClInclude>
    <ClInclude Include="GLNPC.h">
      <Filter>Header\Models\NPCs</Filter>
    </ClInclude>
    <ClInclude Include="GLNPC_GoldFish.h">
      <Filter>Header\Models\NPCs</Filter>
    </ClInclude>
    <ClInclude Include="GLNPC_BlueTang.h">
      <Filter>Header\Models\NPCs</Filter>
    </ClInclude>
    <ClInclude Include="RNG.h">
      <Filter>Header</Filter>
    </ClInclude>
    <ClInclude Include="Menu.h">
      <Filter>Header</Filter>
    </ClInclude>
    <ClInclude Include="GameState.h">
      <Filter>Header</Filter>
    </ClInclude>
    <ClInclude Include="GLPlayer.h">
      <Filter>Header\Models</Filter>
    </ClInclude>
    <ClInclude Include="GLModel.h">
      <Filter>Header\Models</Filter>
    </ClInclude>
    <ClInclude Include="GLMesh.h">
      <Filter>Header\Models</Filter>
    </ClInclude>
    <ClInclude Include="GLMeshBS.h">
      <Filter>Header\Models</Filter>
    </ClInclude>
    <ClInclude Include="ParticleHandler.h">
      <Filter>Header</Filter>
    </ClInclude>
    <ClInclude Include="ParticleComputeShader.h">
      <Filter>Header</Filter>
    </ClInclude>
    <ClInclude Include="ParticleEmitter.h">
      <Filter>Header</Filter>
    </ClInclude>
    <ClInclude Include="GLNPC_PowerUpHandler.h" />
    <ClInclude Include="RoundCounter.h">
      <Filter>Header</Filter>
    </ClInclude>
    <ClInclude Include="GLNPC_PowerUpHandler.h" />
    <ClInclude Include="SeaWeedLeafs.h" />
    <ClInclude Include="SpecialStaticMesh.h" />
    <ClInclude Include="SpecialStaticMeshes.h" />
  </ItemGroup>
  <ItemGroup>
    <None Include="blueFilter.glsl">
      <Filter>Shaders</Filter>
    </None>
    <None Include="pass.frag">
      <Filter>Shaders</Filter>
    </None>
    <None Include="pass.vert">
      <Filter>Shaders</Filter>
    </None>
    <None Include="post.frag">
      <Filter>Shaders</Filter>
    </None>
    <None Include="post.vert">
      <Filter>Shaders</Filter>
    </None>
    <None Include="test.frag">
      <Filter>Shaders</Filter>
    </None>
    <None Include="test.vert">
      <Filter>Shaders</Filter>
    </None>
    <None Include="text.frag">
      <Filter>Shaders</Filter>
    </None>
    <None Include="text.vert">
      <Filter>Shaders</Filter>
    </None>
    <None Include="wavy.frag">
      <Filter>Shaders</Filter>
    </None>
    <None Include="wavy.vert">
      <Filter>Shaders</Filter>
    </None>
    <None Include="test.geom">
      <Filter>Shaders</Filter>
    </None>
    <None Include="lighting.frag">
      <Filter>Shaders</Filter>
    </None>
    <None Include="lighting.vert">
      <Filter>Shaders</Filter>
    </None>
    <None Include="blend_shape.vert">
      <Filter>Shaders</Filter>
    </None>
    <None Include="blend_shape.geom">
      <Filter>Shaders</Filter>
    </None>
    <None Include="blend_shape.frag">
      <Filter>Shaders</Filter>
    </None>
    <None Include="Particle.frag">
      <Filter>Shaders</Filter>
    </None>
    <None Include="Particle.geom">
      <Filter>Shaders</Filter>
    </None>
    <None Include="Particle.vert">
      <Filter>Shaders</Filter>
    </None>
    <None Include="ParticleProjectileComputeShader.glsl">
      <Filter>Shaders</Filter>
    </None>
    <None Include="ParticleTestShader.glsl">
      <Filter>Shaders</Filter>
    </None>
    <None Include="draw.vert">
      <Filter>Shaders</Filter>
    </None>
    <None Include="draw.frag">
      <Filter>Shaders</Filter>
    </None>
  </ItemGroup>
  <ItemGroup>
    <Filter Include="Header">
      <UniqueIdentifier>{9da89d7e-13e9-485b-a3ce-aed7a3149898}</UniqueIdentifier>
    </Filter>
    <Filter Include="Source">
      <UniqueIdentifier>{a7cfeb63-ecd0-4116-b60e-308da26e9bad}</UniqueIdentifier>
    </Filter>
    <Filter Include="Shaders">
      <UniqueIdentifier>{e8b73c92-61ec-434a-a513-1770d8b81781}</UniqueIdentifier>
    </Filter>
    <Filter Include="Source\Models">
      <UniqueIdentifier>{fba40bd5-0733-4eb6-ba57-835b28623e99}</UniqueIdentifier>
    </Filter>
    <Filter Include="Source\Models\NPCs">
      <UniqueIdentifier>{3b6a892c-3bcf-4b61-bdaf-e7fd1fb1baa9}</UniqueIdentifier>
    </Filter>
    <Filter Include="Header\Models">
      <UniqueIdentifier>{0c8e3f4e-e62f-44ee-9192-3b7a9ba3e85a}</UniqueIdentifier>
    </Filter>
    <Filter Include="Header\Models\NPCs">
      <UniqueIdentifier>{5002fbc4-4a56-453b-acbd-d7a222fdeda4}</UniqueIdentifier>
    </Filter>
  </ItemGroup>
</Project>